github.com/steve-care-software/fungible-units v0.0.0-20230314195309-d12cc276c87c h1:8l0pAGBxiCzj9abRjUgFfIMcCx1s5Haj9gY4lhzS1aQ=
github.com/steve-care-software/fungible-units v0.0.0-20230314195309-d12cc276c87c/go.mod h1:cMufIUmdUMrYWUNfD+/ggX7JvuB2PFAkny8PCbZl7Ow=
github.com/steve-care-software/identities v0.0.0-20230314174101-cf7e744b5ea4 h1:qSmCaMpqR2ZKMSzTgjWr3wysw6o5JtFPVZXj4OGTezA=
github.com/steve-care-software/identities v0.0.0-20230314174101-cf7e744b5ea4/go.mod h1:KYTV3wLpI0HLJFInZ3e12FlkdN+7sF69FIEtpH+MSZA=
github.com/steve-care-software/libs v0.0.0-20230312132714-485fdb38680d h1:LfO9I0ZWhA5XpfX0HTym2DCNmnjE4prtyaOi65Dy/jA=
github.com/steve-care-software/libs v0.0.0-20230312132714-485fdb38680d/go.mod h1:MF+XUhALBnkezlmXhGI5ZWB6rG5KE0LB8XhF+l/Bkk8=
